
Microsoft Visual Studio Solution File, Format Version 12.00
# Visual Studio Version 17
VisualStudioVersion = 17.7.34009.444
MinimumVisualStudioVersion = 10.0.40219.1
Project("{9A19103F-16F7-4668-BE54-9A1E7A4F7556}") = "Products1", "Products1\Products1.csproj", "{46D58A4F-CC22-4061-9C7D-F2AAA64FFCEB}"
EndProject
Project("{9A19103F-16F7-4668-BE54-9A1E7A4F7556}") = "Suppliers", "Suppliers\Suppliers.csproj", "{846D11E7-2890-4C93-9E99-6EE3C6E08160}"
EndProject
Global
	GlobalSection(SolutionConfigurationPlatforms) = preSolution
		Debug|Any CPU = Debug|Any CPU
		Release|Any CPU = Release|Any CPU
	EndGlobalSection
	GlobalSection(ProjectConfigurationPlatforms) = postSolution
		{46D58A4F-CC22-4061-9C7D-F2AAA64FFCEB}.Debug|Any CPU.ActiveCfg = Debug|Any CPU
		{46D58A4F-CC22-4061-9C7D-F2AAA64FFCEB}.Debug|Any CPU.Build.0 = Debug|Any CPU
		{46D58A4F-CC22-4061-9C7D-F2AAA64FFCEB}.Release|Any CPU.ActiveCfg = Release|Any CPU
		{46D58A4F-CC22-4061-9C7D-F2AAA64FFCEB}.Release|Any CPU.Build.0 = Release|Any CPU
		{846D11E7-2890-4C93-9E99-6EE3C6E08160}.Debug|Any CPU.ActiveCfg = Debug|Any CPU
		{846D11E7-2890-4C93-9E99-6EE3C6E08160}.Debug|Any CPU.Build.0 = Debug|Any CPU
		{846D11E7-2890-4C93-9E99-6EE3C6E08160}.Release|Any CPU.ActiveCfg = Release|Any CPU
		{846D11E7-2890-4C93-9E99-6EE3C6E08160}.Release|Any CPU.Build.0 = Release|Any CPU
	EndGlobalSection
	GlobalSection(SolutionProperties) = preSolution
		HideSolutionNode = FALSE
	EndGlobalSection
	GlobalSection(ExtensibilityGlobals) = postSolution
		SolutionGuid = {C8171F5A-87C8-4715-B95D-40B50BE94BC9}
	EndGlobalSection
EndGlobal
